{
  "version": "3",
  "packages": {
    "specifiers": {
      "npm:@ctrl/plex": "npm:@ctrl/plex@3.3.0",
      "npm:colors": "npm:colors@1.4.0",
      "npm:colors@1.4.0": "npm:colors@1.4.0"
    },
    "npm": {
      "@ctrl/mac-address@3.0.3": {
        "integrity": "sha512-lfZ7omAop5wwEfu3r4orYdKDqW/wENe/RrpcQZQh+/i0sSoxk5j8KTsaC0YXAK8MrYvPkM7bKFg9YBBvlE0wDA==",
        "dependencies": {}
      },
      "@ctrl/plex@3.3.0": {
        "integrity": "sha512-u+LBK9y8BpypVmiGQbkRRpj4JxcymxgpPjWVawEpdNhuHw/+7f18sPrRq2a5kUAupPHN+n6UO7yjHeHjCU/HCQ==",
        "dependencies": {
          "@ctrl/mac-address": "@ctrl/mac-address@3.0.3",
          "ofetch": "ofetch@1.3.4",
          "p-any": "p-any@4.0.0",
          "type-fest": "type-fest@4.20.1",
          "ws": "ws@8.17.1",
          "xml2js": "xml2js@0.6.2"
        }
      },
      "aggregate-error@4.0.1": {
        "integrity": "sha512-0poP0T7el6Vq3rstR8Mn4V/IQrpBLO6POkUSrN7RhyY+GF/InCFShQzsQ39T25gkHhLgSLByyAz+Kjb+c2L98w==",
        "dependencies": {
          "clean-stack": "clean-stack@4.2.0",
          "indent-string": "indent-string@5.0.0"
        }
      },
      "clean-stack@4.2.0": {
        "integrity": "sha512-LYv6XPxoyODi36Dp976riBtSY27VmFo+MKqEU9QCCWyTrdEPDog+RWA7xQWHi6Vbp61j5c4cdzzX1NidnwtUWg==",
        "dependencies": {
          "escape-string-regexp": "escape-string-regexp@5.0.0"
        }
      },
      "colors@1.4.0": {
        "integrity": "sha512-a+UqTh4kgZg/SlGvfbzDHpgRu7AAQOmmqRHJnxhRZICKFUT91brVhNNt58CMWU9PsBbv3PDCZUHbVxuDiH2mtA==",
        "dependencies": {}
      },
      "destr@2.0.3": {
        "integrity": "sha512-2N3BOUU4gYMpTP24s5rF5iP7BDr7uNTCs4ozw3kf/eKfvWSIu93GEBi5m427YoyJoeOzQ5smuu4nNAPGb8idSQ==",
        "dependencies": {}
      },
      "escape-string-regexp@5.0.0": {
        "integrity": "sha512-/veY75JbMK4j1yjvuUxuVsiS/hr/4iHs9FTT6cgTexxdE0Ly/glccBAkloH/DofkjRbZU3bnoj38mOmhkZ0lHw==",
        "dependencies": {}
      },
      "indent-string@5.0.0": {
        "integrity": "sha512-m6FAo/spmsW2Ab2fU35JTYwtOKa2yAwXSwgjSv1TJzh4Mh7mC3lzAOVLBprb72XsTrgkEIsl7YrFNAiDiRhIGg==",
        "dependencies": {}
      },
      "node-fetch-native@1.6.4": {
        "integrity": "sha512-IhOigYzAKHd244OC0JIMIUrjzctirCmPkaIfhDeGcEETWof5zKYUW7e7MYvChGWh/4CJeXEgsRyGzuF334rOOQ==",
        "dependencies": {}
      },
      "ofetch@1.3.4": {
        "integrity": "sha512-KLIET85ik3vhEfS+3fDlc/BAZiAp+43QEC/yCo5zkNoY2YaKvNkOaFr/6wCFgFH1kuYQM5pMNi0Tg8koiIemtw==",
        "dependencies": {
          "destr": "destr@2.0.3",
          "node-fetch-native": "node-fetch-native@1.6.4",
          "ufo": "ufo@1.5.3"
        }
      },
      "p-any@4.0.0": {
        "integrity": "sha512-S/B50s+pAVe0wmEZHmBs/9yJXeZ5KhHzOsgKzt0hRdgkoR3DxW9ts46fcsWi/r3VnzsnkKS7q4uimze+zjdryw==",
        "dependencies": {
          "p-cancelable": "p-cancelable@3.0.0",
          "p-some": "p-some@6.0.0"
        }
      },
      "p-cancelable@3.0.0": {
        "integrity": "sha512-mlVgR3PGuzlo0MmTdk4cXqXWlwQDLnONTAg6sm62XkMJEiRxN3GL3SffkYvqwonbkJBcrI7Uvv5Zh9yjvn2iUw==",
        "dependencies": {}
      },
      "p-some@6.0.0": {
        "integrity": "sha512-CJbQCKdfSX3fIh8/QKgS+9rjm7OBNUTmwWswAFQAhc8j1NR1dsEDETUEuVUtQHZpV+J03LqWBEwvu0g1Yn+TYg==",
        "dependencies": {
          "aggregate-error": "aggregate-error@4.0.1",
          "p-cancelable": "p-cancelable@3.0.0"
        }
      },
      "sax@1.4.1": {
        "integrity": "sha512-+aWOz7yVScEGoKNd4PA10LZ8sk0A/z5+nXQG5giUO5rprX9jgYsTdov9qCchZiPIZezbZH+jRut8nPodFAX4Jg==",
        "dependencies": {}
      },
      "type-fest@4.20.1": {
        "integrity": "sha512-R6wDsVsoS9xYOpy8vgeBlqpdOyzJ12HNfQhC/aAKWM3YoCV9TtunJzh/QpkMgeDhkoynDcw5f1y+qF9yc/HHyg==",
        "dependencies": {}
      },
      "ufo@1.5.3": {
        "integrity": "sha512-Y7HYmWaFwPUmkoQCUIAYpKqkOf+SbVj/2fJJZ4RJMCfZp0rTGwRbzQD+HghfnhKOjL9E01okqz+ncJskGYfBNw==",
        "dependencies": {}
      },
      "ws@8.17.1": {
        "integrity": "sha512-6XQFvXTkbfUOZOKKILFG1PDK2NDQs4azKQl26T0YS5CxqWLgXajbPZ+h4gZekJyRqFU8pvnbAbbs/3TgRPy+GQ==",
        "dependencies": {}
      },
      "xml2js@0.6.2": {
        "integrity": "sha512-T4rieHaC1EXcES0Kxxj4JWgaUQHDk+qwHcYOCFHfiwKz7tOVPLq7Hjq9dM1WCMhylqMEfP7hMcOIChvotiZegA==",
        "dependencies": {
          "sax": "sax@1.4.1",
          "xmlbuilder": "xmlbuilder@11.0.1"
        }
      },
      "xmlbuilder@11.0.1": {
        "integrity": "sha512-fDlsI/kFEx7gLvbecc0/ohLG50fugQp8ryHzMTuW9vSa1GJ0XYWKnhsUx7oie3G98+r56aTQIUB4kht42R3JvA==",
        "dependencies": {}
      }
    }
  },
  "redirects": {
    "https://deno.land/x/colorify/mod.ts": "https://deno.land/x/colorify@1.0.5/mod.ts",
    "https://deno.land/x/dotenv/mod.ts": "https://deno.land/x/dotenv@v3.2.2/mod.ts",
    "https://deno.land/x/grammy/mod.ts": "https://deno.land/x/grammy@v1.21.1/mod.ts"
  },
  "remote": {
    "https://cdn.skypack.dev/-/debug@v4.3.4-o4liVvMlOnQWbLSYZMXw/dist=es2019,mode=imports/optimized/debug.js": "671100993996e39b501301a87000607916d4d2d9f8fc8e9c5200ae5ba64a1389",
    "https://cdn.skypack.dev/-/ms@v2.1.2-giBDZ1IA5lmQ3ZXaa87V/dist=es2019,mode=imports/optimized/ms.js": "fd88e2d51900437011f1ad232f3393ce97db1b87a7844b3c58dd6d65562c1276",
    "https://cdn.skypack.dev/debug@4.3.4": "7b1d010cc930f71b940ba5941da055bc181115229e29de7214bdb4425c68ea76",
    "https://deno.land/std@0.189.0/fmt/colors.ts": "d67e3cd9f472535241a8e410d33423980bec45047e343577554d3356e1f0ef4e",
    "https://deno.land/std@0.189.0/streams/write_all.ts": "aec90152978581ea62d56bb53a5cbf487e6a89c902f87c5969681ffbdf32b998",
    "https://deno.land/std@0.207.0/assert/assert.ts": "9a97dad6d98c238938e7540736b826440ad8c1c1e54430ca4c4e623e585607ee",
    "https://deno.land/std@0.207.0/assert/assertion_error.ts": "4d0bde9b374dfbcbe8ac23f54f567b77024fb67dbb1906a852d67fe050d42f56",
    "https://deno.land/std@0.207.0/cli/parse_args.ts": "9bea02050b3f302e706871ff87ecfa3ad82cc34249adbe0dcddfaac75bdb48ff",
    "https://deno.land/std@0.211.0/path/_common/assert_path.ts": "2ca275f36ac1788b2acb60fb2b79cb06027198bc2ba6fb7e163efaedde98c297",
    "https://deno.land/std@0.211.0/path/_common/basename.ts": "569744855bc8445f3a56087fd2aed56bdad39da971a8d92b138c9913aecc5fa2",
    "https://deno.land/std@0.211.0/path/_common/constants.ts": "dc5f8057159f4b48cd304eb3027e42f1148cf4df1fb4240774d3492b5d12ac0c",
    "https://deno.land/std@0.211.0/path/_common/strip_trailing_separators.ts": "7024a93447efcdcfeaa9339a98fa63ef9d53de363f1fbe9858970f1bba02655a",
    "https://deno.land/std@0.211.0/path/_os.ts": "8fb9b90fb6b753bd8c77cfd8a33c2ff6c5f5bc185f50de8ca4ac6a05710b2c15",
    "https://deno.land/std@0.211.0/path/basename.ts": "5d341aadb7ada266e2280561692c165771d071c98746fcb66da928870cd47668",
    "https://deno.land/std@0.211.0/path/posix/_util.ts": "1e3937da30f080bfc99fe45d7ed23c47dd8585c5e473b2d771380d3a6937cf9d",
    "https://deno.land/std@0.211.0/path/posix/basename.ts": "39ee27a29f1f35935d3603ccf01d53f3d6e0c5d4d0f84421e65bd1afeff42843",
    "https://deno.land/std@0.211.0/path/windows/_util.ts": "d5f47363e5293fced22c984550d5e70e98e266cc3f31769e1710511803d04808",
    "https://deno.land/std@0.211.0/path/windows/basename.ts": "e2dbf31d1d6385bfab1ce38c333aa290b6d7ae9e0ecb8234a654e583cf22f8fe",
    "https://deno.land/std@0.211.0/streams/_common.ts": "4f9f2958d853b9a456be033631dabb7519daa68ee4d02caf53e2ecbffaf5805f",
    "https://deno.land/std@0.211.0/streams/iterate_reader.ts": "353e516908ce637e8b2a2e1301fa60316825667d0d880d47ea4c427a9a7758cf",
    "https://deno.land/std@0.220.1/fmt/colors.ts": "d239d84620b921ea520125d778947881f62c50e78deef2657073840b8af9559a",
    "https://deno.land/x/colorify@1.0.5/lib/bg.ts": "d93f448c140e17d5291bd53474215c528fd441d41bf2aa42a90c4acad3b39965",
    "https://deno.land/x/colorify@1.0.5/lib/fg.ts": "69ef6abaa56126af7100c1512e935c33acb2b96ec9e98de3dbbd4c8ceb06d785",
    "https://deno.land/x/colorify@1.0.5/lib/stack.ts": "1e2cb8df0f8a9170eecf8f94d1109d9dfe8f044afdac6d6a19a3e02962e3c166",
    "https://deno.land/x/colorify@1.0.5/lib/styles.ts": "f233f1e13fc9feed89e611f172241863a7eb7be7d4bfcf3f24b864ad710e27eb",
    "https://deno.land/x/colorify@1.0.5/mod.ts": "9ae8bc66faa45ea6eb5c7e01a639dff169b2ef07db3259deb537d1295320b754",
    "https://deno.land/x/colorify@1.0.5/more/vars.ts": "11807e25e455843b414aabfdf727ecf42de546398767140475fcb4a8681b1ade",
    "https://deno.land/x/dotenv@v3.2.2/mod.ts": "077b48773de9205266a0b44c3c3a3c3083449ed64bb0b6cc461b95720678d38e",
    "https://deno.land/x/dotenv@v3.2.2/util.ts": "693730877b13f8ead2b79b2aa31e2a0652862f7dc0c5f6d2f313f4d39c7b7670",
    "https://deno.land/x/grammy@v1.21.1/bot.ts": "bbfc31f976a27a48992ebb21bcdc137f216eb28e32cc5de0041dcc8fca53d5b8",
    "https://deno.land/x/grammy@v1.21.1/composer.ts": "a86dcd6c83e91f720ceb85dab2b1c7b966fc18fc6440848b87b4897fcaa63fc8",
    "https://deno.land/x/grammy@v1.21.1/context.ts": "3e9b8e277f8b75bed20b46047ad93b027a182e9d3504f1f2d2bba0852d0bb77f",
    "https://deno.land/x/grammy@v1.21.1/convenience/constants.ts": "8d7e2fb9b0f5bd4c10585d8a7528dee573dea5096041b35bebadbb943318d1fc",
    "https://deno.land/x/grammy@v1.21.1/convenience/frameworks.ts": "ef57a31722a7f1b393f04db83cd123e6455a7b17028d3388e7d5d12970ec8978",
    "https://deno.land/x/grammy@v1.21.1/convenience/inline_query.ts": "409d1940c7670708064efa495003bcbfdf6763a756b2e6303c464489fd3394ff",
    "https://deno.land/x/grammy@v1.21.1/convenience/input_media.ts": "7af72a5fdb1af0417e31b1327003f536ddfdf64e06ab8bc7f5da6b574de38658",
    "https://deno.land/x/grammy@v1.21.1/convenience/keyboard.ts": "88aeab16f2aaf0b4098135b5f7a678f7d2ce288f28c7eba93eaa5553a7395152",
    "https://deno.land/x/grammy@v1.21.1/convenience/session.ts": "f92d57b6b2b61920912cf5c44d4db2f6ca999fe4f9adef170c321889d49667c2",
    "https://deno.land/x/grammy@v1.21.1/convenience/webhook.ts": "f1da7d6426171fb7b5d5f6b59633f91d3bab9a474eea821f714932650965eb9e",
    "https://deno.land/x/grammy@v1.21.1/core/api.ts": "840c5d39ca953d5bdbf89e61836a8212b22110d142b1606127b9c1a5f7d0b96a",
    "https://deno.land/x/grammy@v1.21.1/core/client.ts": "df622a135e71229ffe722406850c9c08b90dcdd4d049b46926128599c73f9dc5",
    "https://deno.land/x/grammy@v1.21.1/core/error.ts": "4638b2127ebe60249c78b83011d468f5e1e1a87748d32fe11a8200d9f824ad13",
    "https://deno.land/x/grammy@v1.21.1/core/payload.ts": "420e17c3c2830b5576ea187cfce77578fe09f1204b25c25ea2f220ca7c86e73b",
    "https://deno.land/x/grammy@v1.21.1/filter.ts": "31b9048d543f4e280a573d2e0b47f4ebbbaead753e4c836525026af5f6af9307",
    "https://deno.land/x/grammy@v1.21.1/mod.ts": "7723e08709ff7fd01df3e463503e14e4fd1a581669380eed70351e1121e8a833",
    "https://deno.land/x/grammy@v1.21.1/platform.deno.ts": "68272a7e1d9a2d74d8a45342526485dbc0531dee812f675d7f8a4e7fc8393028",
    "https://deno.land/x/grammy@v1.21.1/types.deno.ts": "9ef5b8524e5779b1cc6df72736b0663a103b0be549dc4d4c93df2528b27e1534",
    "https://deno.land/x/grammy@v1.21.1/types.ts": "729415590dfa188dbe924dea614dff4e976babdbabb28a307b869fc25777cdf0",
    "https://deno.land/x/grammy_types@v3.5.2/api.ts": "ae04d6628e3d25ae805bc07a19475065044fc44cde0a40877405bc3544d03a5f",
    "https://deno.land/x/grammy_types@v3.5.2/inline.ts": "12b33002c4d7880b2e80aaee68ac344110360886efe48ab20d40e93b90849f04",
    "https://deno.land/x/grammy_types@v3.5.2/manage.ts": "3bc9717ba157d3b0e076ff256322f9bf7ea2da28eaf25ea1dbcdc84c9f780804",
    "https://deno.land/x/grammy_types@v3.5.2/markup.ts": "38f2de2c01531486d98ad17f7622af15d720ffaf5cf721af77ece49e403a09bb",
    "https://deno.land/x/grammy_types@v3.5.2/message.ts": "90b9a23fc90f056ad34f71ed194f2cba30a91f3fa7b3e699a577172a2eceeb2d",
    "https://deno.land/x/grammy_types@v3.5.2/methods.ts": "3429cc7f124337bb2cd2d16015272125f8e44d440d3480a87241905113fab701",
    "https://deno.land/x/grammy_types@v3.5.2/mod.ts": "7b5f421b4fbb1761f7f0d68328eaddd515f3222ce3f3cdfbedd8d5a4781e91a7",
    "https://deno.land/x/grammy_types@v3.5.2/passport.ts": "e3fb63aec96510bcc317ef48fd25b435444b8f407502d7568c00fce15f2958fd",
    "https://deno.land/x/grammy_types@v3.5.2/payment.ts": "d23e9038c5b479b606e620dd84e3e67b6642ada110a962f2d5b5286e99ec7de5",
    "https://deno.land/x/grammy_types@v3.5.2/settings.ts": "5e989f5bd6c587d55673bd8052293869aa2f372e9223dd7f6e28632bfe021b6e",
    "https://deno.land/x/grammy_types@v3.5.2/update.ts": "a9fe07b677235a0d29e371f7fdc57ebf46b248ce956a2d918ed844a3c0fbe5de",
    "https://deno.land/x/logger@v1.1.5/date.ts": "09041dc83c9cddb489b875f45b07336dd894c23b9dd5b47235b94180571a2efa",
    "https://deno.land/x/logger@v1.1.5/deps.ts": "1b09212250f8023edd69efb798874ca19bf90c4ed7cdcc1a292dc16c5bb2cf6d",
    "https://deno.land/x/logger@v1.1.5/eol.ts": "493acd048c546fd48bcd26365d4dadf3db81ce32c4611ca5b0b19e6de9f9826a",
    "https://deno.land/x/logger@v1.1.5/fs.ts": "7d1c7261e9f15d25c6c09df43169a4665bd9da7e2413534aa294f4b184f3fa4e",
    "https://deno.land/x/logger@v1.1.5/interface.ts": "7bca0b861b894e914508aab1afdd7e42e598695a50a3efe9db54be8ba4ab3b0e",
    "https://deno.land/x/logger@v1.1.5/logger.ts": "d058a83ec4ceb8582449d1a0f1ba4adce9a85d5c05b2fb1cf9920f7f896a0608",
    "https://deno.land/x/logger@v1.1.5/stdout.ts": "f11db1f6569681fe58139b07de1f76e205bf28f6e341a50d56d3b13d95c1f6bb",
    "https://deno.land/x/logger@v1.1.5/types.ts": "8835d0d56f500112f92b36d8f241f95bccef93f73de203f7cd86de3ab4383d80",
    "https://deno.land/x/logger@v1.1.5/writable.ts": "bb60ba4a798a10ac1649e30598c0c346055c0dcacb8f1e9452e4f66ea6680a45",
    "https://deno.land/x/logger@v1.1.5/writer.ts": "539ff3a1bdefef897ca1d13d387ee4d84d6491f460020454e9158076f5e09221"
  },
  "workspace": {
    "dependencies": [
      "npm:plex-api@^5.3.2"
    ]
  }
}
